// !$*UTF8*$!
{
	archiveVersion = 1;
	classes = {
	};
	objectVersion = 46;
	objects = {

/* Begin PBXBuildFile section */
		F8C197FF1B07E17900DC56E3 /* AppDelegate.swift in Sources */ = {isa = PBXBuildFile; fileRef = F8C197FE1B07E17900DC56E3 /* AppDelegate.swift */; };
		F8C198021B07E17900DC56E3 /* Dispatch.xcdatamodeld in Sources */ = {isa = PBXBuildFile; fileRef = F8C198001B07E17900DC56E3 /* Dispatch.xcdatamodeld */; };
		F8C198041B07E17900DC56E3 /* ViewController.swift in Sources */ = {isa = PBXBuildFile; fileRef = F8C198031B07E17900DC56E3 /* ViewController.swift */; };
		F8C198071B07E17900DC56E3 /* Main.storyboard in Resources */ = {isa = PBXBuildFile; fileRef = F8C198051B07E17900DC56E3 /* Main.storyboard */; };
		F8C198091B07E17900DC56E3 /* Images.xcassets in Resources */ = {isa = PBXBuildFile; fileRef = F8C198081B07E17900DC56E3 /* Images.xcassets */; };
		F8C1980C1B07E17900DC56E3 /* LaunchScreen.xib in Resources */ = {isa = PBXBuildFile; fileRef = F8C1980A1B07E17900DC56E3 /* LaunchScreen.xib */; };
		F8C198181B07E17900DC56E3 /* DispatchTests.swift in Sources */ = {isa = PBXBuildFile; fileRef = F8C198171B07E17900DC56E3 /* DispatchTests.swift */; };
/* End PBXBuildFile section */

/* Begin PBXContainerItemProxy section */
		F8C198121B07E17900DC56E3 /* PBXContainerItemProxy */ = {
			isa = PBXContainerItemProxy;
			containerPortal = F8C197F11B07E17900DC56E3 /* Project object */;
			proxyType = 1;
			remoteGlobalIDString = F8C197F81B07E17900DC56E3;
			remoteInfo = Dispatch;
		};
/* End PBXContainerItemProxy section */

/* Begin PBXFileReference section */
		F8C197F91B07E17900DC56E3 /* Dispatch.app */ = {isa = PBXFileReference; explicitFileType = wrapper.application; includeInIndex = 0; path = Dispatch.app; sourceTree = BUILT_PRODUCTS_DIR; };
		F8C197FD1B07E17900DC56E3 /* Info.plist */ = {isa = PBXFileReference; lastKnownFileType = text.plist.xml; path = Info.plist; sourceTree = "<group>"; };
		F8C197FE1B07E17900DC56E3 /* AppDelegate.swift */ = {isa = PBXFileReference; lastKnownFileType = sourcecode.swift; path = AppDelegate.swift; sourceTree = "<group>"; };
		F8C198011B07E17900DC56E3 /* Dispatch.xcdatamodel */ = {isa = PBXFileReference; lastKnownFileType = wrapper.xcdatamodel; path = Dispatch.xcdatamodel; sourceTree = "<group>"; };
		F8C198031B07E17900DC56E3 /* ViewController.swift */ = {isa = PBXFileReference; lastKnownFileType = sourcecode.swift; path = ViewController.swift; sourceTree = "<group>"; };
		F8C198061B07E17900DC56E3 /* Base */ = {isa = PBXFileReference; lastKnownFileType = file.storyboard; name = Base; path = Base.lproj/Main.storyboard; sourceTree = "<group>"; };
		F8C198081B07E17900DC56E3 /* Images.xcassets */ = {isa = PBXFileReference; lastKnownFileType = folder.assetcatalog; path = Images.xcassets; sourceTree = "<group>"; };
		F8C1980B1B07E17900DC56E3 /* Base */ = {isa = PBXFileReference; lastKnownFileType = file.xib; name = Base; path = Base.lproj/LaunchScreen.xib; sourceTree = "<group>"; };
		F8C198111B07E17900DC56E3 /* DispatchTests.xctest */ = {isa = PBXFileReference; explicitFileType = wrapper.cfbundle; includeInIndex = 0; path = DispatchTests.xctest; sourceTree = BUILT_PRODUCTS_DIR; };
		F8C198161B07E17900DC56E3 /* Info.plist */ = {isa = PBXFileReference; lastKnownFileType = text.plist.xml; path = Info.plist; sourceTree = "<group>"; };
		F8C198171B07E17900DC56E3 /* DispatchTests.swift */ = {isa = PBXFileReference; lastKnownFileType = sourcecode.swift; path = DispatchTests.swift; sourceTree = "<group>"; };
/* End PBXFileReference section */

/* Begin PBXFrameworksBuildPhase section */
		F8C197F61B07E17900DC56E3 /* Frameworks */ = {
			isa = PBXFrameworksBuildPhase;
			buildActionMask = 2147483647;
			files = (
			);
			runOnlyForDeploymentPostprocessing = 0;
		};
		F8C1980E1B07E17900DC56E3 /* Frameworks */ = {
			isa = PBXFrameworksBuildPhase;
			buildActionMask = 2147483647;
			files = (
			);
			runOnlyForDeploymentPostprocessing = 0;
		};
/* End PBXFrameworksBuildPhase section */

/* Begin PBXGroup section */
		F8C197F01B07E17900DC56E3 = {
			isa = PBXGroup;
			children = (
				F8C197FB1B07E17900DC56E3 /* Dispatch */,
				F8C198141B07E17900DC56E3 /* DispatchTests */,
				F8C197FA1B07E17900DC56E3 /* Products */,
			);
			sourceTree = "<group>";
		};
		F8C197FA1B07E17900DC56E3 /* Products */ = {
			isa = PBXGroup;
			children = (
				F8C197F91B07E17900DC56E3 /* Dispatch.app */,
				F8C198111B07E17900DC56E3 /* DispatchTests.xctest */,
			);
			name = Products;
			sourceTree = "<group>";
		};
		F8C197FB1B07E17900DC56E3 /* Dispatch */ = {
			isa = PBXGroup;
			children = (
				F8C197FE1B07E17900DC56E3 /* AppDelegate.swift */,
				F8C198031B07E17900DC56E3 /* ViewController.swift */,
				F8C198051B07E17900DC56E3 /* Main.storyboard */,
				F8C198081B07E17900DC56E3 /* Images.xcassets */,
				F8C1980A1B07E17900DC56E3 /* LaunchScreen.xib */,
				F8C198001B07E17900DC56E3 /* Dispatch.xcdatamodeld */,
				F8C197FC1B07E17900DC56E3 /* Supporting Files */,
			);
			path = Dispatch;
			sourceTree = "<group>";
		};
		F8C197FC1B07E17900DC56E3 /* Supporting Files */ = {
			isa = PBXGroup;
			children = (
				F8C197FD1B07E17900DC56E3 /* Info.plist */,
			);
			name = "Supporting Files";
			sourceTree = "<group>";
		};
		F8C198141B07E17900DC56E3 /* DispatchTests */ = {
			isa = PBXGroup;
			children = (
				F8C198171B07E17900DC56E3 /* DispatchTests.swift */,
				F8C198151B07E17900DC56E3 /* Supporting Files */,
			);
			path = DispatchTests;
			sourceTree = "<group>";
		};
		F8C198151B07E17900DC56E3 /* Supporting Files */ = {
			isa = PBXGroup;
			children = (
				F8C198161B07E17900DC56E3 /* Info.plist */,
			);
			name = "Supporting Files";
			sourceTree = "<group>";
		};
/* End PBXGroup section */

/* Begin PBXNativeTarget section */
		F8C197F81B07E17900DC56E3 /* Dispatch */ = {
			isa = PBXNativeTarget;
			buildConfigurationList = F8C1981B1B07E17900DC56E3 /* Build configuration list for PBXNativeTarget "Dispatch" */;
			buildPhases = (
				F8C197F51B07E17900DC56E3 /* Sources */,
				F8C197F61B07E17900DC56E3 /* Frameworks */,
				F8C197F71B07E17900DC56E3 /* Resources */,
			);
			buildRules = (
			);
			dependencies = (
			);
			name = Dispatch;
			productName = Dispatch;
			productReference = F8C197F91B07E17900DC56E3 /* Dispatch.app */;
			productType = "com.apple.product-type.application";
		};
		F8C198101B07E17900DC56E3 /* DispatchTests */ = {
			isa = PBXNativeTarget;
			buildConfigurationList = F8C1981E1B07E17900DC56E3 /* Build configuration list for PBXNativeTarget "DispatchTests" */;
			buildPhases = (
				F8C1980D1B07E17900DC56E3 /* Sources */,
				F8C1980E1B07E17900DC56E3 /* Frameworks */,
				F8C1980F1B07E17900DC56E3 /* Resources */,
			);
			buildRules = (
			);
			dependencies = (
				F8C198131B07E17900DC56E3 /* PBXTargetDependency */,
			);
			name = DispatchTests;
			productName = DispatchTests;
			productReference = F8C198111B07E17900DC56E3 /* DispatchTests.xctest */;
			productType = "com.apple.product-type.bundle.unit-test";
		};
/* End PBXNativeTarget section */

/* Begin PBXProject section */
		F8C197F11B07E17900DC56E3 /* Project object */ = {
			isa = PBXProject;
			attributes = {
				LastUpgradeCheck = 0630;
				ORGANIZATIONNAME = "Anuraag Yachamaneni";
				TargetAttributes = {
					F8C197F81B07E17900DC56E3 = {
						CreatedOnToolsVersion = 6.3.1;
					};
					F8C198101B07E17900DC56E3 = {
						CreatedOnToolsVersion = 6.3.1;
						TestTargetID = F8C197F81B07E17900DC56E3;
					};
				};
			};
			buildConfigurationList = F8C197F41B07E17900DC56E3 /* Build configuration list for PBXProject "Dispatch" */;
			compatibilityVersion = "Xcode 3.2";
			developmentRegion = English;
			hasScannedForEncodings = 0;
			knownRegions = (
				en,
				Base,
			);
			mainGroup = F8C197F01B07E17900DC56E3;
			productRefGroup = F8C197FA1B07E17900DC56E3 /* Products */;
			projectDirPath = "";
			projectRoot = "";
			targets = (
				F8C197F81B07E17900DC56E3 /* Dispatch */,
				F8C198101B07E17900DC56E3 /* DispatchTests */,
			);
		};
/* End PBXProject section */

/* Begin PBXResourcesBuildPhase section */
		F8C197F71B07E17900DC56E3 /* Resources */ = {
			isa = PBXResourcesBuildPhase;
			buildActionMask = 2147483647;
			files = (
				F8C198071B07E17900DC56E3 /* Main.storyboard in Resources */,
				F8C1980C1B07E17900DC56E3 /* LaunchScreen.xib in Resources */,
				F8C198091B07E17900DC56E3 /* Images.xcassets in Resources */,
			);
			runOnlyForDeploymentPostprocessing = 0;
		};
		F8C1980F1B07E17900DC56E3 /* Resources */ = {
			isa = PBXResourcesBuildPhase;
			buildActionMask = 2147483647;
			files = (
			);
			runOnlyForDeploymentPostprocessing = 0;
		};
/* End PBXResourcesBuildPhase section */

/* Begin PBXSourcesBuildPhase section */
		F8C197F51B07E17900DC56E3 /* Sources */ = {
			isa = PBXSourcesBuildPhase;
			buildActionMask = 2147483647;
			files = (
				F8C198041B07E17900DC56E3 /* ViewController.swift in Sources */,
				F8C197FF1B07E17900DC56E3 /* AppDelegate.swift in Sources */,
				F8C198021B07E17900DC56E3 /* Dispatch.xcdatamodeld in Sources */,
			);
			runOnlyForDeploymentPostprocessing = 0;
		};
		F8C1980D1B07E17900DC56E3 /* Sources */ = {
			isa = PBXSourcesBuildPhase;
			buildActionMask = 2147483647;
			files = (
				F8C198181B07E17900DC56E3 /* DispatchTests.swift in Sources */,
			);
			runOnlyForDeploymentPostprocessing = 0;
		};
/* End PBXSourcesBuildPhase section */

/* Begin PBXTargetDependency section */
		F8C198131B07E17900DC56E3 /* PBXTargetDependency */ = {
			isa = PBXTargetDependency;
			target = F8C197F81B07E17900DC56E3 /* Dispatch */;
			targetProxy = F8C198121B07E17900DC56E3 /* PBXContainerItemProxy */;
		};
/* End PBXTargetDependency section */

/* Begin PBXVariantGroup section */
		F8C198051B07E17900DC56E3 /* Main.storyboard */ = {
			isa = PBXVariantGroup;
			children = (
				F8C198061B07E17900DC56E3 /* Base */,
			);
			name = Main.storyboard;
			sourceTree = "<group>";
		};
		F8C1980A1B07E17900DC56E3 /* LaunchScreen.xib */ = {
			isa = PBXVariantGroup;
			children = (
				F8C1980B1B07E17900DC56E3 /* Base */,
			);
			name = LaunchScreen.xib;
			sourceTree = "<group>";
		};
/* End PBXVariantGroup section */

/* Begin XCBuildConfiguration section */
		F8C198191B07E17900DC56E3 /* Debug */ = {
			isa = XCBuildConfiguration;
			buildSettings = {
				ALWAYS_SEARCH_USER_PATHS = NO;
				CLANG_CXX_LANGUAGE_STANDARD = "gnu++0x";
				CLANG_CXX_LIBRARY = "libc++";
				CLANG_ENABLE_MODULES = YES;
				CLANG_ENABLE_OBJC_ARC = YES;
				CLANG_WARN_BOOL_CONVERSION = YES;
				CLANG_WARN_CONSTANT_CONVERSION = YES;
				CLANG_WARN_DIRECT_OBJC_ISA_USAGE = YES_ERROR;
				CLANG_WARN_EMPTY_BODY = YES;
				CLANG_WARN_ENUM_CONVERSION = YES;
				CLANG_WARN_INT_CONVERSION = YES;
				CLANG_WARN_OBJC_ROOT_CLASS = YES_ERROR;
				CLANG_WARN_UNREACHABLE_CODE = YES;
				CLANG_WARN__DUPLICATE_METHOD_MATCH = YES;
				"CODE_SIGN_IDENTITY[sdk=iphoneos*]" = "iPhone Developer";
				COPY_PHASE_STRIP = NO;
				DEBUG_INFORMATION_FORMAT = "dwarf-with-dsym";
				ENABLE_STRICT_OBJC_MSGSEND = YES;
				GCC_C_LANGUAGE_STANDARD = gnu99;
				GCC_DYNAMIC_NO_PIC = NO;
				GCC_NO_COMMON_BLOCKS = YES;
				GCC_OPTIMIZATION_LEVEL = 0;
				GCC_PREPROCESSOR_DEFINITIONS = (
					"DEBUG=1",
					"$(inherited)",
				);
				GCC_SYMBOLS_PRIVATE_EXTERN = NO;
				GCC_WARN_64_TO_32_BIT_CONVERSION = YES;
				GCC_WARN_ABOUT_RETURN_TYPE = YES_ERROR;
				GCC_WARN_UNDECLARED_SELECTOR = YES;
				GCC_WARN_UNINITIALIZED_AUTOS = YES_AGGRESSIVE;
				GCC_WARN_UNUSED_FUNCTION = YES;
				GCC_WARN_UNUSED_VARIABLE = YES;
				IPHONEOS_DEPLOYMENT_TARGET = 8.3;
				MTL_ENABLE_DEBUG_INFO = YES;
				ONLY_ACTIVE_ARCH = YES;
				SDKROOT = iphoneos;
				SWIFT_OPTIMIZATION_LEVEL = "-Onone";
				TARGETED_DEVICE_FAMILY = "1,2";
			};
			name = Debug;
		};
		F8C1981A1B07E17900DC56E3 /* Release */ = {
			isa = XCBuildConfiguration;
			buildSettings = {
				ALWAYS_SEARCH_USER_PATHS = NO;
				CLANG_CXX_LANGUAGE_STANDARD = "gnu++0x";
				CLANG_CXX_LIBRARY = "libc++";
				CLANG_ENABLE_MODULES = YES;
				CLANG_ENABLE_OBJC_ARC = YES;
				CLANG_WARN_BOOL_CONVERSION = YES;
				CLANG_WARN_CONSTANT_CONVERSION = YES;
				CLANG_WARN_DIRECT_OBJC_ISA_USAGE = YES_ERROR;
				CLANG_WARN_EMPTY_BODY = YES;
				CLANG_WARN_ENUM_CONVERSION = YES;
				CLANG_WARN_INT_CONVERSION = YES;
				CLANG_WARN_OBJC_ROOT_CLASS = YES_ERROR;
				CLANG_WARN_UNREACHABLE_CODE = YES;
				CLANG_WARN__DUPLICATE_METHOD_MATCH = YES;
				"CODE_SIGN_IDENTITY[sdk=iphoneos*]" = "iPhone Developer";
				COPY_PHASE_STRIP = NO;
				DEBUG_INFORMATION_FORMAT = "dwarf-with-dsym";
				ENABLE_NS_ASSERTIONS = NO;
				ENABLE_STRICT_OBJC_MSGSEND = YES;
				GCC_C_LANGUAGE_STANDARD = gnu99;
				GCC_NO_COMMON_BLOCKS = YES;
				GCC_WARN_64_TO_32_BIT_CONVERSION = YES;
				GCC_WARN_ABOUT_RETURN_TYPE = YES_ERROR;
				GCC_WARN_UNDECLARED_SELECTOR = YES;
				GCC_WARN_UNINITIALIZED_AUTOS = YES_AGGRESSIVE;
				GCC_WARN_UNUSED_FUNCTION = YES;
				GCC_WARN_UNUSED_VARIABLE = YES;
				IPHONEOS_DEPLOYMENT_TARGET = 8.3;
				MTL_ENABLE_DEBUG_INFO = NO;
				SDKROOT = iphoneos;
				TARGETED_DEVICE_FAMILY = "1,2";
				VALIDATE_PRODUCT = YES;
			};
			name = Release;
		};
		F8C1981C1B07E17900DC56E3 /* Debug */ = {
			isa = XCBuildConfiguration;
			buildSettings = {
				ASSETCATALOG_COMPILER_APPICON_NAME = AppIcon;
				INFOPLIST_FILE = Dispatch/Info.plist;
				LD_RUNPATH_SEARCH_PATHS = "$(inherited) @executable_path/Frameworks";
				PRODUCT_NAME = "$(TARGET_NAME)";
				TARGETED_DEVICE_FAMILY = 1;
			};
			name = Debug;
		};
		F8C1981D1B07E17900DC56E3 /* Release */ = {
			isa = XCBuildConfiguration;
			buildSettings = {
				ASSETCATALOG_COMPILER_APPICON_NAME = AppIcon;
				INFOPLIST_FILE = Dispatch/Info.plist;
				LD_RUNPATH_SEARCH_PATHS = "$(inherited) @executable_path/Frameworks";
				PRODUCT_NAME = "$(TARGET_NAME)";
				TARGETED_DEVICE_FAMILY = 1;
			};
			name = Release;
		};
		F8C1981F1B07E17900DC56E3 /* Debug */ = {
			isa = XCBuildConfiguration;
			buildSettings = {
				BUNDLE_LOADER = "$(TEST_HOST)";
				FRAMEWORK_SEARCH_PATHS = (
					"$(SDKROOT)/Developer/Library/Frameworks",
					"$(inherited)",
				);
				GCC_PREPROCESSOR_DEFINITIONS = (
					"DEBUG=1",
					"$(inherited)",
				);
				INFOPLIST_FILE = DispatchTests/Info.plist;
				LD_RUNPATH_SEARCH_PATHS = "$(inherited) @executable_path/Frameworks @loader_path/Frameworks";
				PRODUCT_NAME = "$(TARGET_NAME)";
				TEST_HOST = "$(BUILT_PRODUCTS_DIR)/Dispatch.app/Dispatch";
			};
			name = Debug;
		};
		F8C198201B07E17900DC56E3 /* Release */ = {
			isa = XCBuildConfiguration;
			buildSettings = {
				BUNDLE_LOADER = "$(TEST_HOST)";
				FRAMEWORK_SEARCH_PATHS = (
					"$(SDKROOT)/Developer/Library/Frameworks",
					"$(inherited)",
				);
				INFOPLIST_FILE = DispatchTests/Info.plist;
				LD_RUNPATH_SEARCH_PATHS = "$(inherited) @executable_path/Frameworks @loader_path/Frameworks";
				PRODUCT_NAME = "$(TARGET_NAME)";
				TEST_HOST = "$(BUILT_PRODUCTS_DIR)/Dispatch.app/Dispatch";
			};
			name = Release;
		};
/* End XCBuildConfiguration section */

/* Begin XCConfigurationList section */
		F8C197F41B07E17900DC56E3 /* Build configuration list for PBXProject "Dispatch" */ = {
			isa = XCConfigurationList;
			buildConfigurations = (
				F8C198191B07E17900DC56E3 /* Debug */,
				F8C1981A1B07E17900DC56E3 /* Release */,
			);
			defaultConfigurationIsVisible = 0;
			defaultConfigurationName = Release;
		};
		F8C1981B1B07E17900DC56E3 /* Build configuration list for PBXNativeTarget "Dispatch" */ = {
			isa = XCConfigurationList;
			buildConfigurations = (
				F8C1981C1B07E17900DC56E3 /* Debug */,
				F8C1981D1B07E17900DC56E3 /* Release */,
			);
			defaultConfigurationIsVisible = 0;
		};
		F8C1981E1B07E17900DC56E3 /* Build configuration list for PBXNativeTarget "DispatchTests" */ = {
			isa = XCConfigurationList;
			buildConfigurations = (
				F8C1981F1B07E17900DC56E3 /* Debug */,
				F8C198201B07E17900DC56E3 /* Release */,
			);
			defaultConfigurationIsVisible = 0;
		};
/* End XCConfigurationList section */

/* Begin XCVersionGroup section */
		F8C198001B07E17900DC56E3 /* Dispatch.xcdatamodeld */ = {
			isa = XCVersionGroup;
			children = (
				F8C198011B07E17900DC56E3 /* Dispatch.xcdatamodel */,
			);
			currentVersion = F8C198011B07E17900DC56E3 /* Dispatch.xcdatamodel */;
			path = Dispatch.xcdatamodeld;
			sourceTree = "<group>";
			versionGroupType = wrapper.xcdatamodel;
		};
/* End XCVersionGroup section */
	};
	rootObject = F8C197F11B07E17900DC56E3 /* Project object */;
}
